
Microsoft Visual Studio Solution File, Format Version 12.00
# Visual Studio 2013
VisualStudioVersion = 12.0.30110.0
MinimumVisualStudioVersion = 10.0.40219.1
Project("{FAE04EC0-301F-11D3-BF4B-00C04F79EFBC}") = "ProjectCureData", "ProjectCureData\ProjectCureData.csproj", "{E009B670-78E2-418B-909F-53838DE344FC}"
EndProject
Project("{FAE04EC0-301F-11D3-BF4B-00C04F79EFBC}") = "ProjectCure.IntegrationTests", "ProjectCure.IntegrationTests\ProjectCure.IntegrationTests.csproj", "{C85638AF-57DA-4A93-AC39-302F802E08FF}"
EndProject
Project("{FAE04EC0-301F-11D3-BF4B-00C04F79EFBC}") = "ProjectCure.Web", "ProjectCure.Web\ProjectCure.Web.csproj", "{73F69F0B-4DF5-482D-8CDF-5FAD16DAC197}"
EndProject
Global
	GlobalSection(SolutionConfigurationPlatforms) = preSolution
		Debug|Any CPU = Debug|Any CPU
		Release|Any CPU = Release|Any CPU
	EndGlobalSection
	GlobalSection(ProjectConfigurationPlatforms) = postSolution
		{E009B670-78E2-418B-909F-53838DE344FC}.Debug|Any CPU.ActiveCfg = Debug|Any CPU
		{E009B670-78E2-418B-909F-53838DE344FC}.Debug|Any CPU.Build.0 = Debug|Any CPU
		{E009B670-78E2-418B-909F-53838DE344FC}.Release|Any CPU.ActiveCfg = Release|Any CPU
		{E009B670-78E2-418B-909F-53838DE344FC}.Release|Any CPU.Build.0 = Release|Any CPU
		{C85638AF-57DA-4A93-AC39-302F802E08FF}.Debug|Any CPU.ActiveCfg = Debug|Any CPU
		{C85638AF-57DA-4A93-AC39-302F802E08FF}.Debug|Any CPU.Build.0 = Debug|Any CPU
		{C85638AF-57DA-4A93-AC39-302F802E08FF}.Release|Any CPU.ActiveCfg = Release|Any CPU
		{C85638AF-57DA-4A93-AC39-302F802E08FF}.Release|Any CPU.Build.0 = Release|Any CPU
		{73F69F0B-4DF5-482D-8CDF-5FAD16DAC197}.Debug|Any CPU.ActiveCfg = Debug|Any CPU
		{73F69F0B-4DF5-482D-8CDF-5FAD16DAC197}.Debug|Any CPU.Build.0 = Debug|Any CPU
		{73F69F0B-4DF5-482D-8CDF-5FAD16DAC197}.Release|Any CPU.ActiveCfg = Release|Any CPU
		{73F69F0B-4DF5-482D-8CDF-5FAD16DAC197}.Release|Any CPU.Build.0 = Release|Any CPU
	EndGlobalSection
	GlobalSection(SolutionProperties) = preSolution
		HideSolutionNode = FALSE
	EndGlobalSection
EndGlobal
